<?xml version="1.0" encoding="utf-8"?>
<Project ToolsVersion="4.0" xmlns="http://schemas.microsoft.com/developer/msbuild/2003">
  <ItemGroup>
    <Filter Include="ソース ファイル">
      <UniqueIdentifier>{4FC737F1-C7A5-4376-A066-2A32D752A2FF}</UniqueIdentifier>
      <Extensions>cpp;c;cc;cxx;def;odl;idl;hpj;bat;asm;asmx</Extensions>
    </Filter>
    <Filter Include="ヘッダー ファイル">
      <UniqueIdentifier>{93995380-89BD-4b04-88EB-625FBE52EBFB}</UniqueIdentifier>
      <Extensions>h;hh;hpp;hxx;hm;inl;inc;ipp;xsd</Extensions>
    </Filter>
    <Filter Include="リソース ファイル">
      <UniqueIdentifier>{67DA6AB6-F800-4c08-8B7A-83BB121AAD01}</UniqueIdentifier>
      <Extensions>rc;ico;cur;bmp;dlg;rc2;rct;bin;rgs;gif;jpg;jpeg;jpe;resx;tiff;tif;png;wav;mfcribbon-ms</Extensions>
    </Filter>
    <Filter Include="Main">
      <UniqueIdentifier>{ed313423-6b76-46c9-91dd-136214c7d33c}</UniqueIdentifier>
    </Filter>
    <Filter Include="k05_運動してる%3f">
      <UniqueIdentifier>{354fef85-2b1c-45ba-bd13-f07f86ac6c73}</UniqueIdentifier>
    </Filter>
    <Filter Include="k01_曲線美の追求">
      <UniqueIdentifier>{e3acab24-bfa8-4ebb-b229-133a5eaf9482}</UniqueIdentifier>
    </Filter>
    <Filter Include="Input">
      <UniqueIdentifier>{721e7b5a-f618-4861-81bb-b7d0b57349f3}</UniqueIdentifier>
    </Filter>
  </ItemGroup>
  <ItemGroup>
    <ClCompile Include="Src\Vector.cpp">
      <Filter>ソース ファイル</Filter>
    </ClCompile>
    <ClCompile Include="Src\main.cpp">
      <Filter>Main</Filter>
    </ClCompile>
    <ClCompile Include="Src\MoveType.cpp">
      <Filter>k05_運動してる%3f</Filter>
    </ClCompile>
    <ClCompile Include="Src\MovingCircle.cpp">
      <Filter>k05_運動してる%3f</Filter>
    </ClCompile>
    <ClCompile Include="Src\Viewer.cpp">
      <Filter>k05_運動してる%3f</Filter>
    </ClCompile>
    <ClCompile Include="Src\Window.cpp">
      <Filter>Main</Filter>
    </ClCompile>
    <ClCompile Include="Src\AxisLine.cpp">
      <Filter>k05_運動してる%3f</Filter>
    </ClCompile>
    <ClCompile Include="Src\BegieCurve.cpp">
      <Filter>k01_曲線美の追求</Filter>
    </ClCompile>
    <ClCompile Include="Src\HermitianCurve.cpp">
      <Filter>k01_曲線美の追求</Filter>
    </ClCompile>
    <ClCompile Include="Src\Laser.cpp">
      <Filter>k01_曲線美の追求</Filter>
    </ClCompile>
    <ClCompile Include="Src\input.cpp">
      <Filter>Input</Filter>
    </ClCompile>
    <ClCompile Include="Src\MovableHermitianCurve.cpp">
      <Filter>k01_曲線美の追求</Filter>
    </ClCompile>
    <ClCompile Include="Src\Window2.cpp">
      <Filter>Main</Filter>
    </ClCompile>
  </ItemGroup>
  <ItemGroup>
    <ClInclude Include="Src\main.h">
      <Filter>Main</Filter>
    </ClInclude>
    <ClInclude Include="Src\MoveType.h">
      <Filter>k05_運動してる%3f</Filter>
    </ClInclude>
    <ClInclude Include="Src\MovingCircle.h">
      <Filter>k05_運動してる%3f</Filter>
    </ClInclude>
    <ClInclude Include="Src\VIewer.h">
      <Filter>k05_運動してる%3f</Filter>
    </ClInclude>
    <ClInclude Include="Src\Window.h">
      <Filter>Main</Filter>
    </ClInclude>
    <ClInclude Include="Src\AxisLine.h">
      <Filter>k05_運動してる%3f</Filter>
    </ClInclude>
    <ClInclude Include="Src\BegieCurve.h">
      <Filter>k01_曲線美の追求</Filter>
    </ClInclude>
    <ClInclude Include="Src\HermitianCurve.h">
      <Filter>k01_曲線美の追求</Filter>
    </ClInclude>
    <ClInclude Include="Src\Laser.h">
      <Filter>k01_曲線美の追求</Filter>
    </ClInclude>
    <ClInclude Include="Src\input.h">
      <Filter>Input</Filter>
    </ClInclude>
    <ClInclude Include="Src\Vector.h">
      <Filter>ソース ファイル</Filter>
    </ClInclude>
    <ClInclude Include="Src\MovableHermitianCurve.h">
      <Filter>k01_曲線美の追求</Filter>
    </ClInclude>
    <ClInclude Include="Src\Window2.h">
      <Filter>Main</Filter>
    </ClInclude>
  </ItemGroup>
</Project>